
Microsoft Visual Studio Solution File, Format Version 12.00
# Visual Studio Version 17
VisualStudioVersion = 17.0.31903.59
MinimumVisualStudioVersion = 10.0.40219.1
Project("{FAE04EC0-301F-11D3-BF4B-00C04F79EFBC}") = "API", "API\API.csproj", "{ECC7F347-00E2-4E1C-85A3-07AFA4FB00E6}"
EndProject
Project("{FAE04EC0-301F-11D3-BF4B-00C04F79EFBC}") = "Application", "Application\Application.csproj", "{464EEDC8-DF1D-4CBF-A0AF-CCF797660204}"
EndProject
Project("{FAE04EC0-301F-11D3-BF4B-00C04F79EFBC}") = "Domain", "Domain\Domain.csproj", "{D8C0DD7E-12EC-4B6E-91A9-1249C6E912C2}"
EndProject
Project("{FAE04EC0-301F-11D3-BF4B-00C04F79EFBC}") = "Persistence", "Persistence\Persistence.csproj", "{30225F8A-80BF-4485-82F7-33B314765668}"
EndProject
Global
	GlobalSection(SolutionConfigurationPlatforms) = preSolution
		Debug|Any CPU = Debug|Any CPU
		Debug|x64 = Debug|x64
		Debug|x86 = Debug|x86
		Release|Any CPU = Release|Any CPU
		Release|x64 = Release|x64
		Release|x86 = Release|x86
	EndGlobalSection
	GlobalSection(ProjectConfigurationPlatforms) = postSolution
		{ECC7F347-00E2-4E1C-85A3-07AFA4FB00E6}.Debug|Any CPU.ActiveCfg = Debug|Any CPU
		{ECC7F347-00E2-4E1C-85A3-07AFA4FB00E6}.Debug|Any CPU.Build.0 = Debug|Any CPU
		{ECC7F347-00E2-4E1C-85A3-07AFA4FB00E6}.Debug|x64.ActiveCfg = Debug|Any CPU
		{ECC7F347-00E2-4E1C-85A3-07AFA4FB00E6}.Debug|x64.Build.0 = Debug|Any CPU
		{ECC7F347-00E2-4E1C-85A3-07AFA4FB00E6}.Debug|x86.ActiveCfg = Debug|Any CPU
		{ECC7F347-00E2-4E1C-85A3-07AFA4FB00E6}.Debug|x86.Build.0 = Debug|Any CPU
		{ECC7F347-00E2-4E1C-85A3-07AFA4FB00E6}.Release|Any CPU.ActiveCfg = Release|Any CPU
		{ECC7F347-00E2-4E1C-85A3-07AFA4FB00E6}.Release|Any CPU.Build.0 = Release|Any CPU
		{ECC7F347-00E2-4E1C-85A3-07AFA4FB00E6}.Release|x64.ActiveCfg = Release|Any CPU
		{ECC7F347-00E2-4E1C-85A3-07AFA4FB00E6}.Release|x64.Build.0 = Release|Any CPU
		{ECC7F347-00E2-4E1C-85A3-07AFA4FB00E6}.Release|x86.ActiveCfg = Release|Any CPU
		{ECC7F347-00E2-4E1C-85A3-07AFA4FB00E6}.Release|x86.Build.0 = Release|Any CPU
		{464EEDC8-DF1D-4CBF-A0AF-CCF797660204}.Debug|Any CPU.ActiveCfg = Debug|Any CPU
		{464EEDC8-DF1D-4CBF-A0AF-CCF797660204}.Debug|Any CPU.Build.0 = Debug|Any CPU
		{464EEDC8-DF1D-4CBF-A0AF-CCF797660204}.Debug|x64.ActiveCfg = Debug|Any CPU
		{464EEDC8-DF1D-4CBF-A0AF-CCF797660204}.Debug|x64.Build.0 = Debug|Any CPU
		{464EEDC8-DF1D-4CBF-A0AF-CCF797660204}.Debug|x86.ActiveCfg = Debug|Any CPU
		{464EEDC8-DF1D-4CBF-A0AF-CCF797660204}.Debug|x86.Build.0 = Debug|Any CPU
		{464EEDC8-DF1D-4CBF-A0AF-CCF797660204}.Release|Any CPU.ActiveCfg = Release|Any CPU
		{464EEDC8-DF1D-4CBF-A0AF-CCF797660204}.Release|Any CPU.Build.0 = Release|Any CPU
		{464EEDC8-DF1D-4CBF-A0AF-CCF797660204}.Release|x64.ActiveCfg = Release|Any CPU
		{464EEDC8-DF1D-4CBF-A0AF-CCF797660204}.Release|x64.Build.0 = Release|Any CPU
		{464EEDC8-DF1D-4CBF-A0AF-CCF797660204}.Release|x86.ActiveCfg = Release|Any CPU
		{464EEDC8-DF1D-4CBF-A0AF-CCF797660204}.Release|x86.Build.0 = Release|Any CPU
		{D8C0DD7E-12EC-4B6E-91A9-1249C6E912C2}.Debug|Any CPU.ActiveCfg = Debug|Any CPU
		{D8C0DD7E-12EC-4B6E-91A9-1249C6E912C2}.Debug|Any CPU.Build.0 = Debug|Any CPU
		{D8C0DD7E-12EC-4B6E-91A9-1249C6E912C2}.Debug|x64.ActiveCfg = Debug|Any CPU
		{D8C0DD7E-12EC-4B6E-91A9-1249C6E912C2}.Debug|x64.Build.0 = Debug|Any CPU
		{D8C0DD7E-12EC-4B6E-91A9-1249C6E912C2}.Debug|x86.ActiveCfg = Debug|Any CPU
		{D8C0DD7E-12EC-4B6E-91A9-1249C6E912C2}.Debug|x86.Build.0 = Debug|Any CPU
		{D8C0DD7E-12EC-4B6E-91A9-1249C6E912C2}.Release|Any CPU.ActiveCfg = Release|Any CPU
		{D8C0DD7E-12EC-4B6E-91A9-1249C6E912C2}.Release|Any CPU.Build.0 = Release|Any CPU
		{D8C0DD7E-12EC-4B6E-91A9-1249C6E912C2}.Release|x64.ActiveCfg = Release|Any CPU
		{D8C0DD7E-12EC-4B6E-91A9-1249C6E912C2}.Release|x64.Build.0 = Release|Any CPU
		{D8C0DD7E-12EC-4B6E-91A9-1249C6E912C2}.Release|x86.ActiveCfg = Release|Any CPU
		{D8C0DD7E-12EC-4B6E-91A9-1249C6E912C2}.Release|x86.Build.0 = Release|Any CPU
		{30225F8A-80BF-4485-82F7-33B314765668}.Debug|Any CPU.ActiveCfg = Debug|Any CPU
		{30225F8A-80BF-4485-82F7-33B314765668}.Debug|Any CPU.Build.0 = Debug|Any CPU
		{30225F8A-80BF-4485-82F7-33B314765668}.Debug|x64.ActiveCfg = Debug|Any CPU
		{30225F8A-80BF-4485-82F7-33B314765668}.Debug|x64.Build.0 = Debug|Any CPU
		{30225F8A-80BF-4485-82F7-33B314765668}.Debug|x86.ActiveCfg = Debug|Any CPU
		{30225F8A-80BF-4485-82F7-33B314765668}.Debug|x86.Build.0 = Debug|Any CPU
		{30225F8A-80BF-4485-82F7-33B314765668}.Release|Any CPU.ActiveCfg = Release|Any CPU
		{30225F8A-80BF-4485-82F7-33B314765668}.Release|Any CPU.Build.0 = Release|Any CPU
		{30225F8A-80BF-4485-82F7-33B314765668}.Release|x64.ActiveCfg = Release|Any CPU
		{30225F8A-80BF-4485-82F7-33B314765668}.Release|x64.Build.0 = Release|Any CPU
		{30225F8A-80BF-4485-82F7-33B314765668}.Release|x86.ActiveCfg = Release|Any CPU
		{30225F8A-80BF-4485-82F7-33B314765668}.Release|x86.Build.0 = Release|Any CPU
	EndGlobalSection
	GlobalSection(SolutionProperties) = preSolution
		HideSolutionNode = FALSE
	EndGlobalSection
EndGlobal
